dependencies:
  idf:
    component_hash: null
    source:
      type: idf
    version: 5.2.1
  protocol_examples_common:
    component_hash: null
    source:
      path: C:\esp\Espressif\frameworks\esp-idf-v5.2.1\examples\common_components\protocol_examples_common
      type: local
    version: '*'
manifest_hash: 986e8978f32db609c5b2482d4643c56e4756b6a37d7a1997cef9e5191e6b9c60
target: esp32
version: 1.0.0
